
Microsoft Visual Studio Solution File, Format Version 12.00
# Visual Studio 15
VisualStudioVersion = 15.0.27428.2037
MinimumVisualStudioVersion = 10.0.40219.1
Project("{FAE04EC0-301F-11D3-BF4B-00C04F79EFBC}") = "VABC.Domain.Prime", "VABC.Domain.Prime\VABC.Domain.Prime.csproj", "{0EB50629-0372-4413-B776-B85E678745F1}"
EndProject
Project("{FAE04EC0-301F-11D3-BF4B-00C04F79EFBC}") = "VABC.Domain.Tests", "VABC.Domain.Tests\VABC.Domain.Tests.csproj", "{0CB64B6C-DB01-45EB-BC73-0222A89682BD}"
EndProject
Project("{FAE04EC0-301F-11D3-BF4B-00C04F79EFBC}") = "VABC.Tutorials.PrimeExe", "VABC.Tutorials.PrimeExe\VABC.Tutorials.PrimeExe.csproj", "{EE66DBC0-5D14-4186-9CC3-BB71A42727BE}"
EndProject
Global
	GlobalSection(SolutionConfigurationPlatforms) = preSolution
		Debug|Any CPU = Debug|Any CPU
		Release|Any CPU = Release|Any CPU
	EndGlobalSection
	GlobalSection(ProjectConfigurationPlatforms) = postSolution
		{0EB50629-0372-4413-B776-B85E678745F1}.Debug|Any CPU.ActiveCfg = Debug|Any CPU
		{0EB50629-0372-4413-B776-B85E678745F1}.Debug|Any CPU.Build.0 = Debug|Any CPU
		{0EB50629-0372-4413-B776-B85E678745F1}.Release|Any CPU.ActiveCfg = Release|Any CPU
		{0EB50629-0372-4413-B776-B85E678745F1}.Release|Any CPU.Build.0 = Release|Any CPU
		{0CB64B6C-DB01-45EB-BC73-0222A89682BD}.Debug|Any CPU.ActiveCfg = Debug|Any CPU
		{0CB64B6C-DB01-45EB-BC73-0222A89682BD}.Debug|Any CPU.Build.0 = Debug|Any CPU
		{0CB64B6C-DB01-45EB-BC73-0222A89682BD}.Release|Any CPU.ActiveCfg = Release|Any CPU
		{0CB64B6C-DB01-45EB-BC73-0222A89682BD}.Release|Any CPU.Build.0 = Release|Any CPU
		{EE66DBC0-5D14-4186-9CC3-BB71A42727BE}.Debug|Any CPU.ActiveCfg = Debug|Any CPU
		{EE66DBC0-5D14-4186-9CC3-BB71A42727BE}.Debug|Any CPU.Build.0 = Debug|Any CPU
		{EE66DBC0-5D14-4186-9CC3-BB71A42727BE}.Release|Any CPU.ActiveCfg = Release|Any CPU
		{EE66DBC0-5D14-4186-9CC3-BB71A42727BE}.Release|Any CPU.Build.0 = Release|Any CPU
	EndGlobalSection
	GlobalSection(SolutionProperties) = preSolution
		HideSolutionNode = FALSE
	EndGlobalSection
	GlobalSection(ExtensibilityGlobals) = postSolution
		SolutionGuid = {6DE024C9-4F80-48A4-A6BD-E0277CA43487}
	EndGlobalSection
EndGlobal
